
Microsoft Visual Studio Solution File, Format Version 12.00
# Visual Studio 15
VisualStudioVersion = 15.0.27703.2042
MinimumVisualStudioVersion = 10.0.40219.1
Project("{FAE04EC0-301F-11D3-BF4B-00C04F79EFBC}") = "CommodityManagement.WebApi", "CommodityManagement.WebApi\CommodityManagement.WebApi.csproj", "{793E06E4-55DD-472E-A8A1-9776B63A280C}"
EndProject
Project("{FAE04EC0-301F-11D3-BF4B-00C04F79EFBC}") = "CommodityManagement.Repository", "CommodityManagement.Repository\CommodityManagement.Repository.csproj", "{4A2ADFCC-EF51-44FA-8785-2F0BD84144D0}"
EndProject
Project("{FAE04EC0-301F-11D3-BF4B-00C04F79EFBC}") = "CommodityManagement.Service", "CommodityManagement.Service\CommodityManagement.Service.csproj", "{BF0C34A7-E16D-40B7-9F73-2DF3EDCF2373}"
EndProject
Global
	GlobalSection(SolutionConfigurationPlatforms) = preSolution
		Debug|Any CPU = Debug|Any CPU
		Release|Any CPU = Release|Any CPU
	EndGlobalSection
	GlobalSection(ProjectConfigurationPlatforms) = postSolution
		{793E06E4-55DD-472E-A8A1-9776B63A280C}.Debug|Any CPU.ActiveCfg = Debug|Any CPU
		{793E06E4-55DD-472E-A8A1-9776B63A280C}.Debug|Any CPU.Build.0 = Debug|Any CPU
		{793E06E4-55DD-472E-A8A1-9776B63A280C}.Release|Any CPU.ActiveCfg = Release|Any CPU
		{793E06E4-55DD-472E-A8A1-9776B63A280C}.Release|Any CPU.Build.0 = Release|Any CPU
		{4A2ADFCC-EF51-44FA-8785-2F0BD84144D0}.Debug|Any CPU.ActiveCfg = Debug|Any CPU
		{4A2ADFCC-EF51-44FA-8785-2F0BD84144D0}.Debug|Any CPU.Build.0 = Debug|Any CPU
		{4A2ADFCC-EF51-44FA-8785-2F0BD84144D0}.Release|Any CPU.ActiveCfg = Release|Any CPU
		{4A2ADFCC-EF51-44FA-8785-2F0BD84144D0}.Release|Any CPU.Build.0 = Release|Any CPU
		{BF0C34A7-E16D-40B7-9F73-2DF3EDCF2373}.Debug|Any CPU.ActiveCfg = Debug|Any CPU
		{BF0C34A7-E16D-40B7-9F73-2DF3EDCF2373}.Debug|Any CPU.Build.0 = Debug|Any CPU
		{BF0C34A7-E16D-40B7-9F73-2DF3EDCF2373}.Release|Any CPU.ActiveCfg = Release|Any CPU
		{BF0C34A7-E16D-40B7-9F73-2DF3EDCF2373}.Release|Any CPU.Build.0 = Release|Any CPU
	EndGlobalSection
	GlobalSection(SolutionProperties) = preSolution
		HideSolutionNode = FALSE
	EndGlobalSection
	GlobalSection(ExtensibilityGlobals) = postSolution
		SolutionGuid = {B9D87114-8281-42C7-BD4C-7D28D8993ABF}
	EndGlobalSection
EndGlobal
